
Microsoft Visual Studio Solution File, Format Version 12.00
# Visual Studio Version 17
VisualStudioVersion = 17.8.34316.72
MinimumVisualStudioVersion = 10.0.40219.1
Project("{8BC9CEB8-8B4A-11D0-8D11-00A0C91BC942}") = "SFLMPRESET", "SFLMPRESET.vcxproj", "{94AF3B41-C7E7-47DE-B5F5-AC0CA6AE9DB6}"
EndProject
Global
	GlobalSection(SolutionConfigurationPlatforms) = preSolution
		Debug|x64 = Debug|x64
		Debug|x86 = Debug|x86
		Release|x64 = Release|x64
		Release|x86 = Release|x86
	EndGlobalSection
	GlobalSection(ProjectConfigurationPlatforms) = postSolution
		{94AF3B41-C7E7-47DE-B5F5-AC0CA6AE9DB6}.Debug|x64.ActiveCfg = Debug|x64
		{94AF3B41-C7E7-47DE-B5F5-AC0CA6AE9DB6}.Debug|x64.Build.0 = Debug|x64
		{94AF3B41-C7E7-47DE-B5F5-AC0CA6AE9DB6}.Debug|x86.ActiveCfg = Debug|Win32
		{94AF3B41-C7E7-47DE-B5F5-AC0CA6AE9DB6}.Debug|x86.Build.0 = Debug|Win32
		{94AF3B41-C7E7-47DE-B5F5-AC0CA6AE9DB6}.Release|x64.ActiveCfg = Release|x64
		{94AF3B41-C7E7-47DE-B5F5-AC0CA6AE9DB6}.Release|x64.Build.0 = Release|x64
		{94AF3B41-C7E7-47DE-B5F5-AC0CA6AE9DB6}.Release|x86.ActiveCfg = Release|Win32
		{94AF3B41-C7E7-47DE-B5F5-AC0CA6AE9DB6}.Release|x86.Build.0 = Release|Win32
	EndGlobalSection
	GlobalSection(SolutionProperties) = preSolution
		HideSolutionNode = FALSE
	EndGlobalSection
	GlobalSection(ExtensibilityGlobals) = postSolution
		SolutionGuid = {B1B6E34F-CF8F-4F78-916D-5B457343585B}
	EndGlobalSection
EndGlobal
